
Microsoft Visual Studio Solution File, Format Version 12.00
# Visual Studio Version 17
VisualStudioVersion = 17.9.34728.123
MinimumVisualStudioVersion = 10.0.40219.1
Project("{FAE04EC0-301F-11D3-BF4B-00C04F79EFBC}") = "myDapper", "myDapper\myDapper.csproj", "{32B92026-7027-46DD-98DB-95A2A059C869}"
EndProject
Global
	GlobalSection(SolutionConfigurationPlatforms) = preSolution
		Debug|Any CPU = Debug|Any CPU
		Release|Any CPU = Release|Any CPU
	EndGlobalSection
	GlobalSection(ProjectConfigurationPlatforms) = postSolution
		{32B92026-7027-46DD-98DB-95A2A059C869}.Debug|Any CPU.ActiveCfg = Debug|Any CPU
		{32B92026-7027-46DD-98DB-95A2A059C869}.Debug|Any CPU.Build.0 = Debug|Any CPU
		{32B92026-7027-46DD-98DB-95A2A059C869}.Release|Any CPU.ActiveCfg = Release|Any CPU
		{32B92026-7027-46DD-98DB-95A2A059C869}.Release|Any CPU.Build.0 = Release|Any CPU
	EndGlobalSection
	GlobalSection(SolutionProperties) = preSolution
		HideSolutionNode = FALSE
	EndGlobalSection
	GlobalSection(ExtensibilityGlobals) = postSolution
		SolutionGuid = {97CCEC28-EF53-4ED3-A364-E56AC7E19171}
	EndGlobalSection
EndGlobal
